
Microsoft Visual Studio Solution File, Format Version 12.00
# Visual Studio Version 16
VisualStudioVersion = 16.0.808.2
MinimumVisualStudioVersion = 10.0.40219.1
Project("{FAE04EC0-301F-11D3-BF4B-00C04F79EFBC}") = "BulkyBooks", "BulkyBooks\BulkyBooks.csproj", "{2A192297-3C9E-4673-AA38-3E130BCEB3CD}"
EndProject
Global
	GlobalSection(SolutionConfigurationPlatforms) = preSolution
		Debug|Any CPU = Debug|Any CPU
		Release|Any CPU = Release|Any CPU
	EndGlobalSection
	GlobalSection(ProjectConfigurationPlatforms) = postSolution
		{2A192297-3C9E-4673-AA38-3E130BCEB3CD}.Debug|Any CPU.ActiveCfg = Debug|Any CPU
		{2A192297-3C9E-4673-AA38-3E130BCEB3CD}.Debug|Any CPU.Build.0 = Debug|Any CPU
		{2A192297-3C9E-4673-AA38-3E130BCEB3CD}.Release|Any CPU.ActiveCfg = Release|Any CPU
		{2A192297-3C9E-4673-AA38-3E130BCEB3CD}.Release|Any CPU.Build.0 = Release|Any CPU
	EndGlobalSection
	GlobalSection(SolutionProperties) = preSolution
		HideSolutionNode = FALSE
	EndGlobalSection
	GlobalSection(ExtensibilityGlobals) = postSolution
		SolutionGuid = {501A07C6-A416-49CE-A467-9321FECEBF89}
	EndGlobalSection
EndGlobal
